// !$*UTF8*$!
{
	archiveVersion = 1;
	classes = {
	};
	objectVersion = 48;
	objects = {

/* Begin PBXBuildFile section */
		C63D39531F9E654A002C7DB6 /* Result.swift in Sources */ = {isa = PBXBuildFile; fileRef = C63D39521F9E651B002C7DB6 /* Result.swift */; };
		C63D39571F9E7400002C7DB6 /* RecipeEditTVC.swift in Sources */ = {isa = PBXBuildFile; fileRef = C63D39561F9E7400002C7DB6 /* RecipeEditTVC.swift */; };
		C64121A81F8A88600035D3DE /* MealsCDTVC.swift in Sources */ = {isa = PBXBuildFile; fileRef = C64121A71F8A88600035D3DE /* MealsCDTVC.swift */; };
		C64121AC1F8A88D90035D3DE /* BaseCDTVC.swift in Sources */ = {isa = PBXBuildFile; fileRef = C64121AB1F8A88D90035D3DE /* BaseCDTVC.swift */; };
		C64121AE1F8A89880035D3DE /* HealthManager.swift in Sources */ = {isa = PBXBuildFile; fileRef = C64121AD1F8A89870035D3DE /* HealthManager.swift */; };
		C64121B01F8A89CB0035D3DE /* FoodDetails.swift in Sources */ = {isa = PBXBuildFile; fileRef = C64121AF1F8A89CA0035D3DE /* FoodDetails.swift */; };
		C64121B21F8A89ED0035D3DE /* FoodListTypes.swift in Sources */ = {isa = PBXBuildFile; fileRef = C64121B11F8A89ED0035D3DE /* FoodListTypes.swift */; };
		C64121B41F92083E0035D3DE /* BaseCDTVCWithTableIndex.swift in Sources */ = {isa = PBXBuildFile; fileRef = C64121B31F92083E0035D3DE /* BaseCDTVCWithTableIndex.swift */; };
		C64121B61F9208600035D3DE /* FoodListBaseCDTVC.swift in Sources */ = {isa = PBXBuildFile; fileRef = C64121B51F9208600035D3DE /* FoodListBaseCDTVC.swift */; };
		C64121B81F92086C0035D3DE /* FoodListBaseSearchCDTVC.swift in Sources */ = {isa = PBXBuildFile; fileRef = C64121B71F92086C0035D3DE /* FoodListBaseSearchCDTVC.swift */; };
		C64121BA1F9208750035D3DE /* FoodListListsSearchCDTVC.swift in Sources */ = {isa = PBXBuildFile; fileRef = C64121B91F9208750035D3DE /* FoodListListsSearchCDTVC.swift */; };
		C64121BC1F920A110035D3DE /* UIAlertControllerExtension.swift in Sources */ = {isa = PBXBuildFile; fileRef = C64121BB1F9209DD0035D3DE /* UIAlertControllerExtension.swift */; };
		C64121C01F927CC70035D3DE /* SearchFilter.swift in Sources */ = {isa = PBXBuildFile; fileRef = C64121BF1F927CC70035D3DE /* SearchFilter.swift */; };
		C64121C21F929DFA0035D3DE /* MealsCDTVCSearchExtension.swift in Sources */ = {isa = PBXBuildFile; fileRef = C64121C11F929DFA0035D3DE /* MealsCDTVCSearchExtension.swift */; };
		C64121C61F936C350035D3DE /* FoodListListsCDTVC.swift in Sources */ = {isa = PBXBuildFile; fileRef = C64121C51F936C340035D3DE /* FoodListListsCDTVC.swift */; };
		C64121C81F93C5840035D3DE /* FoodListListsCDTVCSearchExtension.swift in Sources */ = {isa = PBXBuildFile; fileRef = C64121C71F93C5830035D3DE /* FoodListListsCDTVCSearchExtension.swift */; };
		C6AD712F1F9E55D500BB527C /* FoodEditTVC.swift in Sources */ = {isa = PBXBuildFile; fileRef = C6AD712E1F9E55D500BB527C /* FoodEditTVC.swift */; };
		C6AD71311F9E568100BB527C /* FoodEditTableViewCell.swift in Sources */ = {isa = PBXBuildFile; fileRef = C6AD71301F9E568100BB527C /* FoodEditTableViewCell.swift */; };
		C6B5DF3D1F9D005C007447B3 /* MealEditTVC.swift in Sources */ = {isa = PBXBuildFile; fileRef = C6B5DF3C1F9D005C007447B3 /* MealEditTVC.swift */; };
		C6BEC4521F80575200C3B95B /* AppDelegate.swift in Sources */ = {isa = PBXBuildFile; fileRef = C6BEC4511F80575200C3B95B /* AppDelegate.swift */; };
		C6BEC4571F80575200C3B95B /* MasterViewController.swift in Sources */ = {isa = PBXBuildFile; fileRef = C6BEC4561F80575200C3B95B /* MasterViewController.swift */; };
		C6BEC4591F80575200C3B95B /* DetailViewController.swift in Sources */ = {isa = PBXBuildFile; fileRef = C6BEC4581F80575200C3B95B /* DetailViewController.swift */; };
		C6BEC45C1F80575200C3B95B /* Main.storyboard in Resources */ = {isa = PBXBuildFile; fileRef = C6BEC45A1F80575200C3B95B /* Main.storyboard */; };
		C6BEC45E1F80575200C3B95B /* Assets.xcassets in Resources */ = {isa = PBXBuildFile; fileRef = C6BEC45D1F80575200C3B95B /* Assets.xcassets */; };
		C6BEC4611F80575200C3B95B /* LaunchScreen.storyboard in Resources */ = {isa = PBXBuildFile; fileRef = C6BEC45F1F80575200C3B95B /* LaunchScreen.storyboard */; };
		C6BEC46C1F80575200C3B95B /* meals2Tests.swift in Sources */ = {isa = PBXBuildFile; fileRef = C6BEC46B1F80575200C3B95B /* meals2Tests.swift */; };
		C6BEC4771F80575200C3B95B /* meals2UITests.swift in Sources */ = {isa = PBXBuildFile; fileRef = C6BEC4761F80575200C3B95B /* meals2UITests.swift */; };
		C6BEC48E1F8064F900C3B95B /* Event+CoreDataClass.swift in Sources */ = {isa = PBXBuildFile; fileRef = C6BEC48C1F8064F900C3B95B /* Event+CoreDataClass.swift */; };
		C6BEC48F1F8064F900C3B95B /* Event+CoreDataProperties.swift in Sources */ = {isa = PBXBuildFile; fileRef = C6BEC48D1F8064F900C3B95B /* Event+CoreDataProperties.swift */; };
		C6BEC49D1F8069D600C3B95B /* Food+CoreDataClass.swift in Sources */ = {isa = PBXBuildFile; fileRef = C6BEC4971F8069D600C3B95B /* Food+CoreDataClass.swift */; };
		C6BEC49E1F8069D600C3B95B /* Food+CoreDataProperties.swift in Sources */ = {isa = PBXBuildFile; fileRef = C6BEC4981F8069D600C3B95B /* Food+CoreDataProperties.swift */; };
		C6BEC49F1F8069D600C3B95B /* MealIngredient+CoreDataClass.swift in Sources */ = {isa = PBXBuildFile; fileRef = C6BEC4991F8069D600C3B95B /* MealIngredient+CoreDataClass.swift */; };
		C6BEC4A01F8069D600C3B95B /* MealIngredient+CoreDataProperties.swift in Sources */ = {isa = PBXBuildFile; fileRef = C6BEC49A1F8069D600C3B95B /* MealIngredient+CoreDataProperties.swift */; };
		C6BEC4A11F8069D600C3B95B /* Meal+CoreDataClass.swift in Sources */ = {isa = PBXBuildFile; fileRef = C6BEC49B1F8069D600C3B95B /* Meal+CoreDataClass.swift */; };
		C6BEC4A21F8069D600C3B95B /* Meal+CoreDataProperties.swift in Sources */ = {isa = PBXBuildFile; fileRef = C6BEC49C1F8069D600C3B95B /* Meal+CoreDataProperties.swift */; };
		C6BEC4BF1F806D3800C3B95B /* Nutrient+CoreDataClass.swift in Sources */ = {isa = PBXBuildFile; fileRef = C6BEC4A31F806D3800C3B95B /* Nutrient+CoreDataClass.swift */; };
		C6BEC4C01F806D3800C3B95B /* Nutrient+CoreDataProperties.swift in Sources */ = {isa = PBXBuildFile; fileRef = C6BEC4A41F806D3800C3B95B /* Nutrient+CoreDataProperties.swift */; };
		C6BEC4C11F806D3800C3B95B /* Detail+CoreDataClass.swift in Sources */ = {isa = PBXBuildFile; fileRef = C6BEC4A51F806D3800C3B95B /* Detail+CoreDataClass.swift */; };
		C6BEC4C21F806D3800C3B95B /* Detail+CoreDataProperties.swift in Sources */ = {isa = PBXBuildFile; fileRef = C6BEC4A61F806D3800C3B95B /* Detail+CoreDataProperties.swift */; };
		C6BEC4C31F806D3800C3B95B /* Preparation+CoreDataClass.swift in Sources */ = {isa = PBXBuildFile; fileRef = C6BEC4A71F806D3800C3B95B /* Preparation+CoreDataClass.swift */; };
		C6BEC4C41F806D3800C3B95B /* Preparation+CoreDataProperties.swift in Sources */ = {isa = PBXBuildFile; fileRef = C6BEC4A81F806D3800C3B95B /* Preparation+CoreDataProperties.swift */; };
		C6BEC4C51F806D3800C3B95B /* GeoLocation+CoreDataClass.swift in Sources */ = {isa = PBXBuildFile; fileRef = C6BEC4A91F806D3800C3B95B /* GeoLocation+CoreDataClass.swift */; };
		C6BEC4C61F806D3800C3B95B /* GeoLocation+CoreDataProperties.swift in Sources */ = {isa = PBXBuildFile; fileRef = C6BEC4AA1F806D3800C3B95B /* GeoLocation+CoreDataProperties.swift */; };
		C6BEC4C71F806D3800C3B95B /* Favorite+CoreDataClass.swift in Sources */ = {isa = PBXBuildFile; fileRef = C6BEC4AB1F806D3800C3B95B /* Favorite+CoreDataClass.swift */; };
		C6BEC4C81F806D3800C3B95B /* Favorite+CoreDataProperties.swift in Sources */ = {isa = PBXBuildFile; fileRef = C6BEC4AC1F806D3800C3B95B /* Favorite+CoreDataProperties.swift */; };
		C6BEC4C91F806D3800C3B95B /* Recipe+CoreDataClass.swift in Sources */ = {isa = PBXBuildFile; fileRef = C6BEC4AD1F806D3800C3B95B /* Recipe+CoreDataClass.swift */; };
		C6BEC4CA1F806D3800C3B95B /* Recipe+CoreDataProperties.swift in Sources */ = {isa = PBXBuildFile; fileRef = C6BEC4AE1F806D3800C3B95B /* Recipe+CoreDataProperties.swift */; };
		C6BEC4CB1F806D3800C3B95B /* Brand+CoreDataClass.swift in Sources */ = {isa = PBXBuildFile; fileRef = C6BEC4AF1F806D3800C3B95B /* Brand+CoreDataClass.swift */; };
		C6BEC4CC1F806D3800C3B95B /* Brand+CoreDataProperties.swift in Sources */ = {isa = PBXBuildFile; fileRef = C6BEC4B01F806D3800C3B95B /* Brand+CoreDataProperties.swift */; };
		C6BEC4CD1F806D3800C3B95B /* Dealer+CoreDataClass.swift in Sources */ = {isa = PBXBuildFile; fileRef = C6BEC4B11F806D3800C3B95B /* Dealer+CoreDataClass.swift */; };
		C6BEC4CE1F806D3800C3B95B /* Dealer+CoreDataProperties.swift in Sources */ = {isa = PBXBuildFile; fileRef = C6BEC4B21F806D3800C3B95B /* Dealer+CoreDataProperties.swift */; };
		C6BEC4CF1F806D3800C3B95B /* ServingSize+CoreDataClass.swift in Sources */ = {isa = PBXBuildFile; fileRef = C6BEC4B31F806D3800C3B95B /* ServingSize+CoreDataClass.swift */; };
		C6BEC4D01F806D3800C3B95B /* ServingSize+CoreDataProperties.swift in Sources */ = {isa = PBXBuildFile; fileRef = C6BEC4B41F806D3800C3B95B /* ServingSize+CoreDataProperties.swift */; };
		C6BEC4D11F806D3800C3B95B /* Source+CoreDataClass.swift in Sources */ = {isa = PBXBuildFile; fileRef = C6BEC4B51F806D3800C3B95B /* Source+CoreDataClass.swift */; };
		C6BEC4D21F806D3800C3B95B /* Source+CoreDataProperties.swift in Sources */ = {isa = PBXBuildFile; fileRef = C6BEC4B61F806D3800C3B95B /* Source+CoreDataProperties.swift */; };
		C6BEC4D31F806D3800C3B95B /* ReferenceWeight+CoreDataClass.swift in Sources */ = {isa = PBXBuildFile; fileRef = C6BEC4B71F806D3800C3B95B /* ReferenceWeight+CoreDataClass.swift */; };
		C6BEC4D41F806D3800C3B95B /* ReferenceWeight+CoreDataProperties.swift in Sources */ = {isa = PBXBuildFile; fileRef = C6BEC4B81F806D3800C3B95B /* ReferenceWeight+CoreDataProperties.swift */; };
		C6BEC4D51F806D3800C3B95B /* RecipeIngredient+CoreDataClass.swift in Sources */ = {isa = PBXBuildFile; fileRef = C6BEC4B91F806D3800C3B95B /* RecipeIngredient+CoreDataClass.swift */; };
		C6BEC4D61F806D3800C3B95B /* RecipeIngredient+CoreDataProperties.swift in Sources */ = {isa = PBXBuildFile; fileRef = C6BEC4BA1F806D3800C3B95B /* RecipeIngredient+CoreDataProperties.swift */; };
		C6BEC4D71F806D3800C3B95B /* SubGroup+CoreDataClass.swift in Sources */ = {isa = PBXBuildFile; fileRef = C6BEC4BB1F806D3800C3B95B /* SubGroup+CoreDataClass.swift */; };
		C6BEC4D81F806D3800C3B95B /* SubGroup+CoreDataProperties.swift in Sources */ = {isa = PBXBuildFile; fileRef = C6BEC4BC1F806D3800C3B95B /* SubGroup+CoreDataProperties.swift */; };
		C6BEC4D91F806D3800C3B95B /* Group+CoreDataClass.swift in Sources */ = {isa = PBXBuildFile; fileRef = C6BEC4BD1F806D3800C3B95B /* Group+CoreDataClass.swift */; };
		C6BEC4DA1F806D3800C3B95B /* Group+CoreDataProperties.swift in Sources */ = {isa = PBXBuildFile; fileRef = C6BEC4BE1F806D3800C3B95B /* Group+CoreDataProperties.swift */; };
		C6BEC4F51F83EC4000C3B95B /* meals.xcdatamodel in Sources */ = {isa = PBXBuildFile; fileRef = C6BEC4901F80685600C3B95B /* meals.xcdatamodel */; };
		C6BEC4FD1F83EDE500C3B95B /* HealthKit.framework in Frameworks */ = {isa = PBXBuildFile; fileRef = C6BEC4FC1F83EDE500C3B95B /* HealthKit.framework */; };
		C6BEC5031F83F06100C3B95B /* FoodExtension.swift in Sources */ = {isa = PBXBuildFile; fileRef = C6BEC4E51F83C0F700C3B95B /* FoodExtension.swift */; };
		C6BEC5121F83F1E000C3B95B /* HasNutrients.swift in Sources */ = {isa = PBXBuildFile; fileRef = C6BEC4DE1F83C0F700C3B95B /* HasNutrients.swift */; };
		C6BEC5131F83FB3000C3B95B /* NutrientExtension.swift in Sources */ = {isa = PBXBuildFile; fileRef = C6BEC4E31F83C0F700C3B95B /* NutrientExtension.swift */; };
		C6BEC5141F83FB4900C3B95B /* RecipeExtension.swift in Sources */ = {isa = PBXBuildFile; fileRef = C6BEC4E01F83C0F700C3B95B /* RecipeExtension.swift */; };
		C6BEC5151F83FC5D00C3B95B /* MealExtension.swift in Sources */ = {isa = PBXBuildFile; fileRef = C6BEC4DF1F83C0F700C3B95B /* MealExtension.swift */; };
		C6BEC5161F83FC6100C3B95B /* GroupExtension.swift in Sources */ = {isa = PBXBuildFile; fileRef = C6BEC4DD1F83C0F700C3B95B /* GroupExtension.swift */; };
		C6CC65A11F9B6BC200BB384A /* AmountSettingTableViewCell.swift in Sources */ = {isa = PBXBuildFile; fileRef = C6ECCAF31F9B682F00C1BF41 /* AmountSettingTableViewCell.swift */; };
		C6CFE4E51FA129D700B2FAE4 /* MealDetailTVC.swift in Sources */ = {isa = PBXBuildFile; fileRef = C6CFE4E41FA129D700B2FAE4 /* MealDetailTVC.swift */; };
		C6E7A84C1F84059F009816F1 /* DetailExtentsion.swift in Sources */ = {isa = PBXBuildFile; fileRef = C6BEC4E81F83C0F800C3B95B /* DetailExtentsion.swift */; };
		C6E7A84D1F8405B4009816F1 /* EventExtension.swift in Sources */ = {isa = PBXBuildFile; fileRef = C6BEC4EB1F83C17500C3B95B /* EventExtension.swift */; };
		C6E7A84E1F8405BE009816F1 /* MealIngredientExtension.swift in Sources */ = {isa = PBXBuildFile; fileRef = C6BEC4EA1F83C0F800C3B95B /* MealIngredientExtension.swift */; };
		C6E7A84F1F8405F5009816F1 /* PreparationExtension.swift in Sources */ = {isa = PBXBuildFile; fileRef = C6BEC4E91F83C0F800C3B95B /* PreparationExtension.swift */; };
		C6E7A8501F840603009816F1 /* RecipeIngredientExtension.swift in Sources */ = {isa = PBXBuildFile; fileRef = C6BEC4E11F83C0F700C3B95B /* RecipeIngredientExtension.swift */; };
		C6E7A8511F840624009816F1 /* ReferenceWeightExtension.swift in Sources */ = {isa = PBXBuildFile; fileRef = C6BEC4E61F83C0F800C3B95B /* ReferenceWeightExtension.swift */; };
		C6E7A8521F840637009816F1 /* SourceExtension.swift in Sources */ = {isa = PBXBuildFile; fileRef = C6BEC4E71F83C0F800C3B95B /* SourceExtension.swift */; };
		C6E7A8531F84064A009816F1 /* SubGroupExtension.swift in Sources */ = {isa = PBXBuildFile; fileRef = C6BEC4E21F83C0F700C3B95B /* SubGroupExtension.swift */; };
		C6ECCAF01F9B653F00C1BF41 /* AmountSettingTVC.swift in Sources */ = {isa = PBXBuildFile; fileRef = C6ECCAEF1F9B653F00C1BF41 /* AmountSettingTVC.swift */; };
		C6ECCAF21F9B672200C1BF41 /* AddFoodTVC.swift in Sources */ = {isa = PBXBuildFile; fileRef = C6ECCAF11F9B672200C1BF41 /* AddFoodTVC.swift */; };
		C6FBAB201F971DA2009B4D4E /* SearchCDTVC.swift in Sources */ = {isa = PBXBuildFile; fileRef = C6FBAB1F1F971DA2009B4D4E /* SearchCDTVC.swift */; };
		C6FBAB221F97B932009B4D4E /* GeneralSearchCDTVC.swift in Sources */ = {isa = PBXBuildFile; fileRef = C6FBAB211F97B932009B4D4E /* GeneralSearchCDTVC.swift */; };
		C6FBAB241F97B9F9009B4D4E /* FavoriteSearchCDTVC+SearchExtension.swift in Sources */ = {isa = PBXBuildFile; fileRef = C6FBAB231F97B9F9009B4D4E /* FavoriteSearchCDTVC+SearchExtension.swift */; };
		C6FBAB261F97BA50009B4D4E /* FavoriteSearchCDTVC.swift in Sources */ = {isa = PBXBuildFile; fileRef = C6FBAB251F97BA50009B4D4E /* FavoriteSearchCDTVC.swift */; };
		C6FBAB281F97BFB7009B4D4E /* BaseSearchCDTVC.swift in Sources */ = {isa = PBXBuildFile; fileRef = C6FBAB271F97BFB7009B4D4E /* BaseSearchCDTVC.swift */; };
		C6FBAB2A1F9A5CE7009B4D4E /* FoodDetailCDTVC.swift in Sources */ = {isa = PBXBuildFile; fileRef = C6FBAB291F9A5CE7009B4D4E /* FoodDetailCDTVC.swift */; };
		C6FBAB2C1F9A71CE009B4D4E /* Item.swift in Sources */ = {isa = PBXBuildFile; fileRef = C6FBAB2B1F9A71CE009B4D4E /* Item.swift */; };
/* End PBXBuildFile section */

/* Begin PBXContainerItemProxy section */
		C6BEC4681F80575200C3B95B /* PBXContainerItemProxy */ = {
			isa = PBXContainerItemProxy;
			containerPortal = C6BEC4461F80575200C3B95B /* Project object */;
			proxyType = 1;
			remoteGlobalIDString = C6BEC44D1F80575200C3B95B;
			remoteInfo = meals2;
		};
		C6BEC4731F80575200C3B95B /* PBXContainerItemProxy */ = {
			isa = PBXContainerItemProxy;
			containerPortal = C6BEC4461F80575200C3B95B /* Project object */;
			proxyType = 1;
			remoteGlobalIDString = C6BEC44D1F80575200C3B95B;
			remoteInfo = meals2;
		};
/* End PBXContainerItemProxy section */

/* Begin PBXFileReference section */
		C63D39521F9E651B002C7DB6 /* Result.swift */ = {isa = PBXFileReference; lastKnownFileType = sourcecode.swift; path = Result.swift; sourceTree = "<group>"; };
		C63D39561F9E7400002C7DB6 /* RecipeEditTVC.swift */ = {isa = PBXFileReference; lastKnownFileType = sourcecode.swift; path = RecipeEditTVC.swift; sourceTree = "<group>"; };
		C64121A71F8A88600035D3DE /* MealsCDTVC.swift */ = {isa = PBXFileReference; lastKnownFileType = sourcecode.swift; path = MealsCDTVC.swift; sourceTree = "<group>"; };
		C64121AB1F8A88D90035D3DE /* BaseCDTVC.swift */ = {isa = PBXFileReference; lastKnownFileType = sourcecode.swift; path = BaseCDTVC.swift; sourceTree = "<group>"; };
		C64121AD1F8A89870035D3DE /* HealthManager.swift */ = {isa = PBXFileReference; lastKnownFileType = sourcecode.swift; path = HealthManager.swift; sourceTree = "<group>"; };
		C64121AF1F8A89CA0035D3DE /* FoodDetails.swift */ = {isa = PBXFileReference; lastKnownFileType = sourcecode.swift; path = FoodDetails.swift; sourceTree = "<group>"; };
		C64121B11F8A89ED0035D3DE /* FoodListTypes.swift */ = {isa = PBXFileReference; lastKnownFileType = sourcecode.swift; path = FoodListTypes.swift; sourceTree = "<group>"; };
		C64121B31F92083E0035D3DE /* BaseCDTVCWithTableIndex.swift */ = {isa = PBXFileReference; lastKnownFileType = sourcecode.swift; path = BaseCDTVCWithTableIndex.swift; sourceTree = "<group>"; };
		C64121B51F9208600035D3DE /* FoodListBaseCDTVC.swift */ = {isa = PBXFileReference; lastKnownFileType = sourcecode.swift; path = FoodListBaseCDTVC.swift; sourceTree = "<group>"; };
		C64121B71F92086C0035D3DE /* FoodListBaseSearchCDTVC.swift */ = {isa = PBXFileReference; lastKnownFileType = sourcecode.swift; path = FoodListBaseSearchCDTVC.swift; sourceTree = "<group>"; };
		C64121B91F9208750035D3DE /* FoodListListsSearchCDTVC.swift */ = {isa = PBXFileReference; lastKnownFileType = sourcecode.swift; path = FoodListListsSearchCDTVC.swift; sourceTree = "<group>"; };
		C64121BB1F9209DD0035D3DE /* UIAlertControllerExtension.swift */ = {isa = PBXFileReference; lastKnownFileType = sourcecode.swift; path = UIAlertControllerExtension.swift; sourceTree = "<group>"; };
		C64121BF1F927CC70035D3DE /* SearchFilter.swift */ = {isa = PBXFileReference; lastKnownFileType = sourcecode.swift; path = SearchFilter.swift; sourceTree = "<group>"; };
		C64121C11F929DFA0035D3DE /* MealsCDTVCSearchExtension.swift */ = {isa = PBXFileReference; lastKnownFileType = sourcecode.swift; path = MealsCDTVCSearchExtension.swift; sourceTree = "<group>"; };
		C64121C51F936C340035D3DE /* FoodListListsCDTVC.swift */ = {isa = PBXFileReference; lastKnownFileType = sourcecode.swift; path = FoodListListsCDTVC.swift; sourceTree = "<group>"; };
		C64121C71F93C5830035D3DE /* FoodListListsCDTVCSearchExtension.swift */ = {isa = PBXFileReference; lastKnownFileType = sourcecode.swift; path = FoodListListsCDTVCSearchExtension.swift; sourceTree = "<group>"; };
		C6AD712E1F9E55D500BB527C /* FoodEditTVC.swift */ = {isa = PBXFileReference; lastKnownFileType = sourcecode.swift; path = FoodEditTVC.swift; sourceTree = "<group>"; };
		C6AD71301F9E568100BB527C /* FoodEditTableViewCell.swift */ = {isa = PBXFileReference; lastKnownFileType = sourcecode.swift; path = FoodEditTableViewCell.swift; sourceTree = "<group>"; };
		C6B5DF3C1F9D005C007447B3 /* MealEditTVC.swift */ = {isa = PBXFileReference; lastKnownFileType = sourcecode.swift; path = MealEditTVC.swift; sourceTree = "<group>"; };
		C6BEC44E1F80575200C3B95B /* meals2.app */ = {isa = PBXFileReference; explicitFileType = wrapper.application; includeInIndex = 0; path = meals2.app; sourceTree = BUILT_PRODUCTS_DIR; };
		C6BEC4511F80575200C3B95B /* AppDelegate.swift */ = {isa = PBXFileReference; lastKnownFileType = sourcecode.swift; path = AppDelegate.swift; sourceTree = "<group>"; };
		C6BEC4541F80575200C3B95B /* meals2.xcdatamodel */ = {isa = PBXFileReference; lastKnownFileType = wrapper.xcdatamodel; path = meals2.xcdatamodel; sourceTree = "<group>"; };
		C6BEC4561F80575200C3B95B /* MasterViewController.swift */ = {isa = PBXFileReference; lastKnownFileType = sourcecode.swift; path = MasterViewController.swift; sourceTree = "<group>"; };
		C6BEC4581F80575200C3B95B /* DetailViewController.swift */ = {isa = PBXFileReference; lastKnownFileType = sourcecode.swift; path = DetailViewController.swift; sourceTree = "<group>"; };
		C6BEC45B1F80575200C3B95B /* Base */ = {isa = PBXFileReference; lastKnownFileType = file.storyboard; name = Base; path = Base.lproj/Main.storyboard; sourceTree = "<group>"; };
		C6BEC45D1F80575200C3B95B /* Assets.xcassets */ = {isa = PBXFileReference; lastKnownFileType = folder.assetcatalog; path = Assets.xcassets; sourceTree = "<group>"; };
		C6BEC4601F80575200C3B95B /* Base */ = {isa = PBXFileReference; lastKnownFileType = file.storyboard; name = Base; path = Base.lproj/LaunchScreen.storyboard; sourceTree = "<group>"; };
		C6BEC4621F80575200C3B95B /* Info.plist */ = {isa = PBXFileReference; lastKnownFileType = text.plist.xml; path = Info.plist; sourceTree = "<group>"; };
		C6BEC4671F80575200C3B95B /* meals2Tests.xctest */ = {isa = PBXFileReference; explicitFileType = wrapper.cfbundle; includeInIndex = 0; path = meals2Tests.xctest; sourceTree = BUILT_PRODUCTS_DIR; };
		C6BEC46B1F80575200C3B95B /* meals2Tests.swift */ = {isa = PBXFileReference; lastKnownFileType = sourcecode.swift; path = meals2Tests.swift; sourceTree = "<group>"; };
		C6BEC46D1F80575200C3B95B /* Info.plist */ = {isa = PBXFileReference; lastKnownFileType = text.plist.xml; path = Info.plist; sourceTree = "<group>"; };
		C6BEC4721F80575200C3B95B /* meals2UITests.xctest */ = {isa = PBXFileReference; explicitFileType = wrapper.cfbundle; includeInIndex = 0; path = meals2UITests.xctest; sourceTree = BUILT_PRODUCTS_DIR; };
		C6BEC4761F80575200C3B95B /* meals2UITests.swift */ = {isa = PBXFileReference; lastKnownFileType = sourcecode.swift; path = meals2UITests.swift; sourceTree = "<group>"; };
		C6BEC4781F80575200C3B95B /* Info.plist */ = {isa = PBXFileReference; lastKnownFileType = text.plist.xml; path = Info.plist; sourceTree = "<group>"; };
		C6BEC48C1F8064F900C3B95B /* Event+CoreDataClass.swift */ = {isa = PBXFileReference; lastKnownFileType = sourcecode.swift; path = "Event+CoreDataClass.swift"; sourceTree = "<group>"; };
		C6BEC48D1F8064F900C3B95B /* Event+CoreDataProperties.swift */ = {isa = PBXFileReference; lastKnownFileType = sourcecode.swift; path = "Event+CoreDataProperties.swift"; sourceTree = "<group>"; };
		C6BEC4901F80685600C3B95B /* meals.xcdatamodel */ = {isa = PBXFileReference; lastKnownFileType = wrapper.xcdatamodel; path = meals.xcdatamodel; sourceTree = "<group>"; };
		C6BEC4971F8069D600C3B95B /* Food+CoreDataClass.swift */ = {isa = PBXFileReference; lastKnownFileType = sourcecode.swift; path = "Food+CoreDataClass.swift"; sourceTree = "<group>"; };
		C6BEC4981F8069D600C3B95B /* Food+CoreDataProperties.swift */ = {isa = PBXFileReference; lastKnownFileType = sourcecode.swift; path = "Food+CoreDataProperties.swift"; sourceTree = "<group>"; };
		C6BEC4991F8069D600C3B95B /* MealIngredient+CoreDataClass.swift */ = {isa = PBXFileReference; lastKnownFileType = sourcecode.swift; path = "MealIngredient+CoreDataClass.swift"; sourceTree = "<group>"; };
		C6BEC49A1F8069D600C3B95B /* MealIngredient+CoreDataProperties.swift */ = {isa = PBXFileReference; lastKnownFileType = sourcecode.swift; path = "MealIngredient+CoreDataProperties.swift"; sourceTree = "<group>"; };
		C6BEC49B1F8069D600C3B95B /* Meal+CoreDataClass.swift */ = {isa = PBXFileReference; lastKnownFileType = sourcecode.swift; path = "Meal+CoreDataClass.swift"; sourceTree = "<group>"; };
		C6BEC49C1F8069D600C3B95B /* Meal+CoreDataProperties.swift */ = {isa = PBXFileReference; lastKnownFileType = sourcecode.swift; path = "Meal+CoreDataProperties.swift"; sourceTree = "<group>"; };
		C6BEC4A31F806D3800C3B95B /* Nutrient+CoreDataClass.swift */ = {isa = PBXFileReference; lastKnownFileType = sourcecode.swift; path = "Nutrient+CoreDataClass.swift"; sourceTree = "<group>"; };
		C6BEC4A41F806D3800C3B95B /* Nutrient+CoreDataProperties.swift */ = {isa = PBXFileReference; lastKnownFileType = sourcecode.swift; path = "Nutrient+CoreDataProperties.swift"; sourceTree = "<group>"; };
		C6BEC4A51F806D3800C3B95B /* Detail+CoreDataClass.swift */ = {isa = PBXFileReference; lastKnownFileType = sourcecode.swift; path = "Detail+CoreDataClass.swift"; sourceTree = "<group>"; };
		C6BEC4A61F806D3800C3B95B /* Detail+CoreDataProperties.swift */ = {isa = PBXFileReference; lastKnownFileType = sourcecode.swift; path = "Detail+CoreDataProperties.swift"; sourceTree = "<group>"; };
		C6BEC4A71F806D3800C3B95B /* Preparation+CoreDataClass.swift */ = {isa = PBXFileReference; lastKnownFileType = sourcecode.swift; path = "Preparation+CoreDataClass.swift"; sourceTree = "<group>"; };
		C6BEC4A81F806D3800C3B95B /* Preparation+CoreDataProperties.swift */ = {isa = PBXFileReference; lastKnownFileType = sourcecode.swift; path = "Preparation+CoreDataProperties.swift"; sourceTree = "<group>"; };
		C6BEC4A91F806D3800C3B95B /* GeoLocation+CoreDataClass.swift */ = {isa = PBXFileReference; lastKnownFileType = sourcecode.swift; path = "GeoLocation+CoreDataClass.swift"; sourceTree = "<group>"; };
		C6BEC4AA1F806D3800C3B95B /* GeoLocation+CoreDataProperties.swift */ = {isa = PBXFileReference; lastKnownFileType = sourcecode.swift; path = "GeoLocation+CoreDataProperties.swift"; sourceTree = "<group>"; };
		C6BEC4AB1F806D3800C3B95B /* Favorite+CoreDataClass.swift */ = {isa = PBXFileReference; lastKnownFileType = sourcecode.swift; path = "Favorite+CoreDataClass.swift"; sourceTree = "<group>"; };
		C6BEC4AC1F806D3800C3B95B /* Favorite+CoreDataProperties.swift */ = {isa = PBXFileReference; lastKnownFileType = sourcecode.swift; path = "Favorite+CoreDataProperties.swift"; sourceTree = "<group>"; };
		C6BEC4AD1F806D3800C3B95B /* Recipe+CoreDataClass.swift */ = {isa = PBXFileReference; lastKnownFileType = sourcecode.swift; path = "Recipe+CoreDataClass.swift"; sourceTree = "<group>"; };
		C6BEC4AE1F806D3800C3B95B /* Recipe+CoreDataProperties.swift */ = {isa = PBXFileReference; lastKnownFileType = sourcecode.swift; path = "Recipe+CoreDataProperties.swift"; sourceTree = "<group>"; };
		C6BEC4AF1F806D3800C3B95B /* Brand+CoreDataClass.swift */ = {isa = PBXFileReference; lastKnownFileType = sourcecode.swift; path = "Brand+CoreDataClass.swift"; sourceTree = "<group>"; };
		C6BEC4B01F806D3800C3B95B /* Brand+CoreDataProperties.swift */ = {isa = PBXFileReference; lastKnownFileType = sourcecode.swift; path = "Brand+CoreDataProperties.swift"; sourceTree = "<group>"; };
		C6BEC4B11F806D3800C3B95B /* Dealer+CoreDataClass.swift */ = {isa = PBXFileReference; lastKnownFileType = sourcecode.swift; path = "Dealer+CoreDataClass.swift"; sourceTree = "<group>"; };
		C6BEC4B21F806D3800C3B95B /* Dealer+CoreDataProperties.swift */ = {isa = PBXFileReference; lastKnownFileType = sourcecode.swift; path = "Dealer+CoreDataProperties.swift"; sourceTree = "<group>"; };
		C6BEC4B31F806D3800C3B95B /* ServingSize+CoreDataClass.swift */ = {isa = PBXFileReference; lastKnownFileType = sourcecode.swift; path = "ServingSize+CoreDataClass.swift"; sourceTree = "<group>"; };
		C6BEC4B41F806D3800C3B95B /* ServingSize+CoreDataProperties.swift */ = {isa = PBXFileReference; lastKnownFileType = sourcecode.swift; path = "ServingSize+CoreDataProperties.swift"; sourceTree = "<group>"; };
		C6BEC4B51F806D3800C3B95B /* Source+CoreDataClass.swift */ = {isa = PBXFileReference; lastKnownFileType = sourcecode.swift; path = "Source+CoreDataClass.swift"; sourceTree = "<group>"; };
		C6BEC4B61F806D3800C3B95B /* Source+CoreDataProperties.swift */ = {isa = PBXFileReference; lastKnownFileType = sourcecode.swift; path = "Source+CoreDataProperties.swift"; sourceTree = "<group>"; };
		C6BEC4B71F806D3800C3B95B /* ReferenceWeight+CoreDataClass.swift */ = {isa = PBXFileReference; lastKnownFileType = sourcecode.swift; path = "ReferenceWeight+CoreDataClass.swift"; sourceTree = "<group>"; };
		C6BEC4B81F806D3800C3B95B /* ReferenceWeight+CoreDataProperties.swift */ = {isa = PBXFileReference; lastKnownFileType = sourcecode.swift; path = "ReferenceWeight+CoreDataProperties.swift"; sourceTree = "<group>"; };
		C6BEC4B91F806D3800C3B95B /* RecipeIngredient+CoreDataClass.swift */ = {isa = PBXFileReference; lastKnownFileType = sourcecode.swift; path = "RecipeIngredient+CoreDataClass.swift"; sourceTree = "<group>"; };
		C6BEC4BA1F806D3800C3B95B /* RecipeIngredient+CoreDataProperties.swift */ = {isa = PBXFileReference; lastKnownFileType = sourcecode.swift; path = "RecipeIngredient+CoreDataProperties.swift"; sourceTree = "<group>"; };
		C6BEC4BB1F806D3800C3B95B /* SubGroup+CoreDataClass.swift */ = {isa = PBXFileReference; lastKnownFileType = sourcecode.swift; path = "SubGroup+CoreDataClass.swift"; sourceTree = "<group>"; };
		C6BEC4BC1F806D3800C3B95B /* SubGroup+CoreDataProperties.swift */ = {isa = PBXFileReference; lastKnownFileType = sourcecode.swift; path = "SubGroup+CoreDataProperties.swift"; sourceTree = "<group>"; };
		C6BEC4BD1F806D3800C3B95B /* Group+CoreDataClass.swift */ = {isa = PBXFileReference; lastKnownFileType = sourcecode.swift; path = "Group+CoreDataClass.swift"; sourceTree = "<group>"; };
		C6BEC4BE1F806D3800C3B95B /* Group+CoreDataProperties.swift */ = {isa = PBXFileReference; lastKnownFileType = sourcecode.swift; path = "Group+CoreDataProperties.swift"; sourceTree = "<group>"; };
		C6BEC4DD1F83C0F700C3B95B /* GroupExtension.swift */ = {isa = PBXFileReference; lastKnownFileType = sourcecode.swift; path = GroupExtension.swift; sourceTree = "<group>"; };
		C6BEC4DE1F83C0F700C3B95B /* HasNutrients.swift */ = {isa = PBXFileReference; lastKnownFileType = sourcecode.swift; path = HasNutrients.swift; sourceTree = "<group>"; };
		C6BEC4DF1F83C0F700C3B95B /* MealExtension.swift */ = {isa = PBXFileReference; lastKnownFileType = sourcecode.swift; path = MealExtension.swift; sourceTree = "<group>"; };
		C6BEC4E01F83C0F700C3B95B /* RecipeExtension.swift */ = {isa = PBXFileReference; lastKnownFileType = sourcecode.swift; path = RecipeExtension.swift; sourceTree = "<group>"; };
		C6BEC4E11F83C0F700C3B95B /* RecipeIngredientExtension.swift */ = {isa = PBXFileReference; lastKnownFileType = sourcecode.swift; path = RecipeIngredientExtension.swift; sourceTree = "<group>"; };
		C6BEC4E21F83C0F700C3B95B /* SubGroupExtension.swift */ = {isa = PBXFileReference; lastKnownFileType = sourcecode.swift; path = SubGroupExtension.swift; sourceTree = "<group>"; };
		C6BEC4E31F83C0F700C3B95B /* NutrientExtension.swift */ = {isa = PBXFileReference; lastKnownFileType = sourcecode.swift; path = NutrientExtension.swift; sourceTree = "<group>"; };
		C6BEC4E51F83C0F700C3B95B /* FoodExtension.swift */ = {isa = PBXFileReference; lastKnownFileType = sourcecode.swift; path = FoodExtension.swift; sourceTree = "<group>"; };
		C6BEC4E61F83C0F800C3B95B /* ReferenceWeightExtension.swift */ = {isa = PBXFileReference; lastKnownFileType = sourcecode.swift; path = ReferenceWeightExtension.swift; sourceTree = "<group>"; };
		C6BEC4E71F83C0F800C3B95B /* SourceExtension.swift */ = {isa = PBXFileReference; lastKnownFileType = sourcecode.swift; path = SourceExtension.swift; sourceTree = "<group>"; };
		C6BEC4E81F83C0F800C3B95B /* DetailExtentsion.swift */ = {isa = PBXFileReference; lastKnownFileType = sourcecode.swift; path = DetailExtentsion.swift; sourceTree = "<group>"; };
		C6BEC4E91F83C0F800C3B95B /* PreparationExtension.swift */ = {isa = PBXFileReference; lastKnownFileType = sourcecode.swift; path = PreparationExtension.swift; sourceTree = "<group>"; };
		C6BEC4EA1F83C0F800C3B95B /* MealIngredientExtension.swift */ = {isa = PBXFileReference; lastKnownFileType = sourcecode.swift; path = MealIngredientExtension.swift; sourceTree = "<group>"; };
		C6BEC4EB1F83C17500C3B95B /* EventExtension.swift */ = {isa = PBXFileReference; lastKnownFileType = sourcecode.swift; path = EventExtension.swift; sourceTree = "<group>"; };
		C6BEC4FA1F83EDE500C3B95B /* meals2.entitlements */ = {isa = PBXFileReference; lastKnownFileType = text.plist.entitlements; path = meals2.entitlements; sourceTree = "<group>"; };
		C6BEC4FC1F83EDE500C3B95B /* HealthKit.framework */ = {isa = PBXFileReference; lastKnownFileType = wrapper.framework; name = HealthKit.framework; path = System/Library/Frameworks/HealthKit.framework; sourceTree = SDKROOT; };
		C6CFE4E41FA129D700B2FAE4 /* MealDetailTVC.swift */ = {isa = PBXFileReference; lastKnownFileType = sourcecode.swift; path = MealDetailTVC.swift; sourceTree = "<group>"; };
		C6ECCAEF1F9B653F00C1BF41 /* AmountSettingTVC.swift */ = {isa = PBXFileReference; lastKnownFileType = sourcecode.swift; path = AmountSettingTVC.swift; sourceTree = "<group>"; };
		C6ECCAF11F9B672200C1BF41 /* AddFoodTVC.swift */ = {isa = PBXFileReference; lastKnownFileType = sourcecode.swift; path = AddFoodTVC.swift; sourceTree = "<group>"; };
		C6ECCAF31F9B682F00C1BF41 /* AmountSettingTableViewCell.swift */ = {isa = PBXFileReference; lastKnownFileType = sourcecode.swift; path = AmountSettingTableViewCell.swift; sourceTree = "<group>"; };
		C6FBAB1F1F971DA2009B4D4E /* SearchCDTVC.swift */ = {isa = PBXFileReference; lastKnownFileType = sourcecode.swift; path = SearchCDTVC.swift; sourceTree = "<group>"; };
		C6FBAB211F97B932009B4D4E /* GeneralSearchCDTVC.swift */ = {isa = PBXFileReference; lastKnownFileType = sourcecode.swift; path = GeneralSearchCDTVC.swift; sourceTree = "<group>"; };
		C6FBAB231F97B9F9009B4D4E /* FavoriteSearchCDTVC+SearchExtension.swift */ = {isa = PBXFileReference; lastKnownFileType = sourcecode.swift; path = "FavoriteSearchCDTVC+SearchExtension.swift"; sourceTree = "<group>"; };
		C6FBAB251F97BA50009B4D4E /* FavoriteSearchCDTVC.swift */ = {isa = PBXFileReference; lastKnownFileType = sourcecode.swift; path = FavoriteSearchCDTVC.swift; sourceTree = "<group>"; };
		C6FBAB271F97BFB7009B4D4E /* BaseSearchCDTVC.swift */ = {isa = PBXFileReference; lastKnownFileType = sourcecode.swift; path = BaseSearchCDTVC.swift; sourceTree = "<group>"; };
		C6FBAB291F9A5CE7009B4D4E /* FoodDetailCDTVC.swift */ = {isa = PBXFileReference; lastKnownFileType = sourcecode.swift; path = FoodDetailCDTVC.swift; sourceTree = "<group>"; };
		C6FBAB2B1F9A71CE009B4D4E /* Item.swift */ = {isa = PBXFileReference; lastKnownFileType = sourcecode.swift; path = Item.swift; sourceTree = "<group>"; };
/* End PBXFileReference section */

/* Begin PBXFrameworksBuildPhase section */
		C6BEC44B1F80575200C3B95B /* Frameworks */ = {
			isa = PBXFrameworksBuildPhase;
			buildActionMask = 2147483647;
			files = (
				C6BEC4FD1F83EDE500C3B95B /* HealthKit.framework in Frameworks */,
			);
			runOnlyForDeploymentPostprocessing = 0;
		};
		C6BEC4641F80575200C3B95B /* Frameworks */ = {
			isa = PBXFrameworksBuildPhase;
			buildActionMask = 2147483647;
			files = (
			);
			runOnlyForDeploymentPostprocessing = 0;
		};
		C6BEC46F1F80575200C3B95B /* Frameworks */ = {
			isa = PBXFrameworksBuildPhase;
			buildActionMask = 2147483647;
			files = (
			);
			runOnlyForDeploymentPostprocessing = 0;
		};
/* End PBXFrameworksBuildPhase section */

/* Begin PBXGroup section */
		C6BEC4451F80575200C3B95B = {
			isa = PBXGroup;
			children = (
				C6BEC4501F80575200C3B95B /* meals2 */,
				C6BEC46A1F80575200C3B95B /* meals2Tests */,
				C6BEC4751F80575200C3B95B /* meals2UITests */,
				C6BEC44F1F80575200C3B95B /* Products */,
				C6BEC4FB1F83EDE500C3B95B /* Frameworks */,
			);
			sourceTree = "<group>";
		};
		C6BEC44F1F80575200C3B95B /* Products */ = {
			isa = PBXGroup;
			children = (
				C6BEC44E1F80575200C3B95B /* meals2.app */,
				C6BEC4671F80575200C3B95B /* meals2Tests.xctest */,
				C6BEC4721F80575200C3B95B /* meals2UITests.xctest */,
			);
			name = Products;
			sourceTree = "<group>";
		};
		C6BEC4501F80575200C3B95B /* meals2 */ = {
			isa = PBXGroup;
			children = (
				C6BEC4FA1F83EDE500C3B95B /* meals2.entitlements */,
				C6BEC4F21F83C84100C3B95B /* CoreDataGenerated */,
				C6BEC4EF1F83C80100C3B95B /* Extensions */,
				C6BEC50F1F83F0CB00C3B95B /* Helpers */,
				C6BEC4ED1F83C6A900C3B95B /* Model */,
				C6BEC4F01F83C81900C3B95B /* ViewControllers */,
				C6BEC4F11F83C82500C3B95B /* Views */,
				C6BEC4511F80575200C3B95B /* AppDelegate.swift */,
				C6BEC45A1F80575200C3B95B /* Main.storyboard */,
				C6BEC45D1F80575200C3B95B /* Assets.xcassets */,
				C6BEC45F1F80575200C3B95B /* LaunchScreen.storyboard */,
				C6BEC4621F80575200C3B95B /* Info.plist */,
				C6BEC4531F80575200C3B95B /* meals2.xcdatamodeld */,
				C6BEC4901F80685600C3B95B /* meals.xcdatamodel */,
			);
			path = meals2;
			sourceTree = "<group>";
		};
		C6BEC46A1F80575200C3B95B /* meals2Tests */ = {
			isa = PBXGroup;
			children = (
				C6BEC46B1F80575200C3B95B /* meals2Tests.swift */,
				C6BEC46D1F80575200C3B95B /* Info.plist */,
			);
			path = meals2Tests;
			sourceTree = "<group>";
		};
		C6BEC4751F80575200C3B95B /* meals2UITests */ = {
			isa = PBXGroup;
			children = (
				C6BEC4761F80575200C3B95B /* meals2UITests.swift */,
				C6BEC4781F80575200C3B95B /* Info.plist */,
			);
			path = meals2UITests;
			sourceTree = "<group>";
		};
		C6BEC4ED1F83C6A900C3B95B /* Model */ = {
			isa = PBXGroup;
			children = (
				C6BEC4F91F83ED6C00C3B95B /* CoreDataExtenstions */,
				C64121AF1F8A89CA0035D3DE /* FoodDetails.swift */,
				C64121B11F8A89ED0035D3DE /* FoodListTypes.swift */,
				C6BEC4DE1F83C0F700C3B95B /* HasNutrients.swift */,
				C64121AD1F8A89870035D3DE /* HealthManager.swift */,
				C64121BF1F927CC70035D3DE /* SearchFilter.swift */,
				C6FBAB2B1F9A71CE009B4D4E /* Item.swift */,
			);
			path = Model;
			sourceTree = "<group>";
		};
		C6BEC4EF1F83C80100C3B95B /* Extensions */ = {
			isa = PBXGroup;
			children = (
				C64121BB1F9209DD0035D3DE /* UIAlertControllerExtension.swift */,
			);
			path = Extensions;
			sourceTree = "<group>";
		};
		C6BEC4F01F83C81900C3B95B /* ViewControllers */ = {
			isa = PBXGroup;
			children = (
				C6FBAB1E1F953257009B4D4E /* Not needed any more */,
				C6ECCAF11F9B672200C1BF41 /* AddFoodTVC.swift */,
				C64121AB1F8A88D90035D3DE /* BaseCDTVC.swift */,
				C64121B31F92083E0035D3DE /* BaseCDTVCWithTableIndex.swift */,
				C6FBAB271F97BFB7009B4D4E /* BaseSearchCDTVC.swift */,
				C6FBAB251F97BA50009B4D4E /* FavoriteSearchCDTVC.swift */,
				C6FBAB291F9A5CE7009B4D4E /* FoodDetailCDTVC.swift */,
				C6AD712E1F9E55D500BB527C /* FoodEditTVC.swift */,
				C6FBAB211F97B932009B4D4E /* GeneralSearchCDTVC.swift */,
				C64121A71F8A88600035D3DE /* MealsCDTVC.swift */,
				C64121C11F929DFA0035D3DE /* MealsCDTVCSearchExtension.swift */,
				C6CFE4E41FA129D700B2FAE4 /* MealDetailTVC.swift */,
				C6B5DF3C1F9D005C007447B3 /* MealEditTVC.swift */,
				C63D39561F9E7400002C7DB6 /* RecipeEditTVC.swift */,
			);
			path = ViewControllers;
			sourceTree = "<group>";
		};
		C6BEC4F11F83C82500C3B95B /* Views */ = {
			isa = PBXGroup;
			children = (
				C6ECCAF31F9B682F00C1BF41 /* AmountSettingTableViewCell.swift */,
				C6AD71301F9E568100BB527C /* FoodEditTableViewCell.swift */,
			);
			name = Views;
			path = meals2/Views;
			sourceTree = SOURCE_ROOT;
		};
		C6BEC4F21F83C84100C3B95B /* CoreDataGenerated */ = {
			isa = PBXGroup;
			children = (
				C6BEC4AF1F806D3800C3B95B /* Brand+CoreDataClass.swift */,
				C6BEC4B01F806D3800C3B95B /* Brand+CoreDataProperties.swift */,
				C6BEC4B11F806D3800C3B95B /* Dealer+CoreDataClass.swift */,
				C6BEC4B21F806D3800C3B95B /* Dealer+CoreDataProperties.swift */,
				C6BEC4A51F806D3800C3B95B /* Detail+CoreDataClass.swift */,
				C6BEC4A61F806D3800C3B95B /* Detail+CoreDataProperties.swift */,
				C6BEC48C1F8064F900C3B95B /* Event+CoreDataClass.swift */,
				C6BEC48D1F8064F900C3B95B /* Event+CoreDataProperties.swift */,
				C6BEC4AB1F806D3800C3B95B /* Favorite+CoreDataClass.swift */,
				C6BEC4AC1F806D3800C3B95B /* Favorite+CoreDataProperties.swift */,
				C6BEC4971F8069D600C3B95B /* Food+CoreDataClass.swift */,
				C6BEC4981F8069D600C3B95B /* Food+CoreDataProperties.swift */,
				C6BEC4A91F806D3800C3B95B /* GeoLocation+CoreDataClass.swift */,
				C6BEC4AA1F806D3800C3B95B /* GeoLocation+CoreDataProperties.swift */,
				C6BEC4BD1F806D3800C3B95B /* Group+CoreDataClass.swift */,
				C6BEC4BE1F806D3800C3B95B /* Group+CoreDataProperties.swift */,
				C6BEC49B1F8069D600C3B95B /* Meal+CoreDataClass.swift */,
				C6BEC49C1F8069D600C3B95B /* Meal+CoreDataProperties.swift */,
				C6BEC4991F8069D600C3B95B /* MealIngredient+CoreDataClass.swift */,
				C6BEC49A1F8069D600C3B95B /* MealIngredient+CoreDataProperties.swift */,
				C6BEC4A31F806D3800C3B95B /* Nutrient+CoreDataClass.swift */,
				C6BEC4A41F806D3800C3B95B /* Nutrient+CoreDataProperties.swift */,
				C6BEC4A71F806D3800C3B95B /* Preparation+CoreDataClass.swift */,
				C6BEC4A81F806D3800C3B95B /* Preparation+CoreDataProperties.swift */,
				C6BEC4AD1F806D3800C3B95B /* Recipe+CoreDataClass.swift */,
				C6BEC4AE1F806D3800C3B95B /* Recipe+CoreDataProperties.swift */,
				C6BEC4B91F806D3800C3B95B /* RecipeIngredient+CoreDataClass.swift */,
				C6BEC4BA1F806D3800C3B95B /* RecipeIngredient+CoreDataProperties.swift */,
				C6BEC4B71F806D3800C3B95B /* ReferenceWeight+CoreDataClass.swift */,
				C6BEC4B81F806D3800C3B95B /* ReferenceWeight+CoreDataProperties.swift */,
				C6BEC4B31F806D3800C3B95B /* ServingSize+CoreDataClass.swift */,
				C6BEC4B41F806D3800C3B95B /* ServingSize+CoreDataProperties.swift */,
				C6BEC4B51F806D3800C3B95B /* Source+CoreDataClass.swift */,
				C6BEC4B61F806D3800C3B95B /* Source+CoreDataProperties.swift */,
				C6BEC4BB1F806D3800C3B95B /* SubGroup+CoreDataClass.swift */,
				C6BEC4BC1F806D3800C3B95B /* SubGroup+CoreDataProperties.swift */,
			);
			path = CoreDataGenerated;
			sourceTree = "<group>";
		};
		C6BEC4F91F83ED6C00C3B95B /* CoreDataExtenstions */ = {
			isa = PBXGroup;
			children = (
				C6BEC4E81F83C0F800C3B95B /* DetailExtentsion.swift */,
				C6BEC4E51F83C0F700C3B95B /* FoodExtension.swift */,
				C6BEC4EB1F83C17500C3B95B /* EventExtension.swift */,
				C6BEC4DD1F83C0F700C3B95B /* GroupExtension.swift */,
				C6BEC4DF1F83C0F700C3B95B /* MealExtension.swift */,
				C6BEC4EA1F83C0F800C3B95B /* MealIngredientExtension.swift */,
				C6BEC4E31F83C0F700C3B95B /* NutrientExtension.swift */,
				C6BEC4E91F83C0F800C3B95B /* PreparationExtension.swift */,
				C6BEC4E01F83C0F700C3B95B /* RecipeExtension.swift */,
				C6BEC4E11F83C0F700C3B95B /* RecipeIngredientExtension.swift */,
				C6BEC4E61F83C0F800C3B95B /* ReferenceWeightExtension.swift */,
				C6BEC4E71F83C0F800C3B95B /* SourceExtension.swift */,
				C6BEC4E21F83C0F700C3B95B /* SubGroupExtension.swift */,
			);
			path = CoreDataExtenstions;
			sourceTree = "<group>";
		};
		C6BEC4FB1F83EDE500C3B95B /* Frameworks */ = {
			isa = PBXGroup;
			children = (
				C6BEC4FC1F83EDE500C3B95B /* HealthKit.framework */,
			);
			name = Frameworks;
			sourceTree = "<group>";
		};
		C6BEC50F1F83F0CB00C3B95B /* Helpers */ = {
			isa = PBXGroup;
			children = (
				C63D39521F9E651B002C7DB6 /* Result.swift */,
			);
			name = Helpers;
			path = meals2/Helpers;
			sourceTree = SOURCE_ROOT;
		};
		C6FBAB1E1F953257009B4D4E /* Not needed any more */ = {
			isa = PBXGroup;
			children = (
				C6ECCAEF1F9B653F00C1BF41 /* AmountSettingTVC.swift */,
				C6FBAB1F1F971DA2009B4D4E /* SearchCDTVC.swift */,
				C64121C51F936C340035D3DE /* FoodListListsCDTVC.swift */,
				C6FBAB231F97B9F9009B4D4E /* FavoriteSearchCDTVC+SearchExtension.swift */,
				C64121C71F93C5830035D3DE /* FoodListListsCDTVCSearchExtension.swift */,
				C6BEC4561F80575200C3B95B /* MasterViewController.swift */,
				C64121B51F9208600035D3DE /* FoodListBaseCDTVC.swift */,
				C6BEC4581F80575200C3B95B /* DetailViewController.swift */,
				C64121B71F92086C0035D3DE /* FoodListBaseSearchCDTVC.swift */,
				C64121B91F9208750035D3DE /* FoodListListsSearchCDTVC.swift */,
			);
			path = "Not needed any more";
			sourceTree = "<group>";
		};
/* End PBXGroup section */

/* Begin PBXNativeTarget section */
		C6BEC44D1F80575200C3B95B /* meals2 */ = {
			isa = PBXNativeTarget;
			buildConfigurationList = C6BEC47B1F80575200C3B95B /* Build configuration list for PBXNativeTarget "meals2" */;
			buildPhases = (
				C6BEC44A1F80575200C3B95B /* Sources */,
				C6BEC44B1F80575200C3B95B /* Frameworks */,
				C6BEC44C1F80575200C3B95B /* Resources */,
			);
			buildRules = (
			);
			dependencies = (
			);
			name = meals2;
			productName = meals2;
			productReference = C6BEC44E1F80575200C3B95B /* meals2.app */;
			productType = "com.apple.product-type.application";
		};
		C6BEC4661F80575200C3B95B /* meals2Tests */ = {
			isa = PBXNativeTarget;
			buildConfigurationList = C6BEC47E1F80575200C3B95B /* Build configuration list for PBXNativeTarget "meals2Tests" */;
			buildPhases = (
				C6BEC4631F80575200C3B95B /* Sources */,
				C6BEC4641F80575200C3B95B /* Frameworks */,
				C6BEC4651F80575200C3B95B /* Resources */,
			);
			buildRules = (
			);
			dependencies = (
				C6BEC4691F80575200C3B95B /* PBXTargetDependency */,
			);
			name = meals2Tests;
			productName = meals2Tests;
			productReference = C6BEC4671F80575200C3B95B /* meals2Tests.xctest */;
			productType = "com.apple.product-type.bundle.unit-test";
		};
		C6BEC4711F80575200C3B95B /* meals2UITests */ = {
			isa = PBXNativeTarget;
			buildConfigurationList = C6BEC4811F80575200C3B95B /* Build configuration list for PBXNativeTarget "meals2UITests" */;
			buildPhases = (
				C6BEC46E1F80575200C3B95B /* Sources */,
				C6BEC46F1F80575200C3B95B /* Frameworks */,
				C6BEC4701F80575200C3B95B /* Resources */,
			);
			buildRules = (
			);
			dependencies = (
				C6BEC4741F80575200C3B95B /* PBXTargetDependency */,
			);
			name = meals2UITests;
			productName = meals2UITests;
			productReference = C6BEC4721F80575200C3B95B /* meals2UITests.xctest */;
			productType = "com.apple.product-type.bundle.ui-testing";
		};
/* End PBXNativeTarget section */

/* Begin PBXProject section */
		C6BEC4461F80575200C3B95B /* Project object */ = {
			isa = PBXProject;
			attributes = {
				LastSwiftUpdateCheck = 0900;
				LastUpgradeCheck = 0900;
				ORGANIZATIONNAME = "Uwe Petersen";
				TargetAttributes = {
					C6BEC44D1F80575200C3B95B = {
						CreatedOnToolsVersion = 9.0;
						LastSwiftMigration = 0900;
						ProvisioningStyle = Automatic;
						SystemCapabilities = {
							com.apple.HealthKit = {
								enabled = 1;
							};
						};
					};
					C6BEC4661F80575200C3B95B = {
						CreatedOnToolsVersion = 9.0;
						ProvisioningStyle = Automatic;
						TestTargetID = C6BEC44D1F80575200C3B95B;
					};
					C6BEC4711F80575200C3B95B = {
						CreatedOnToolsVersion = 9.0;
						ProvisioningStyle = Automatic;
						TestTargetID = C6BEC44D1F80575200C3B95B;
					};
				};
			};
			buildConfigurationList = C6BEC4491F80575200C3B95B /* Build configuration list for PBXProject "meals2" */;
			compatibilityVersion = "Xcode 8.0";
			developmentRegion = en;
			hasScannedForEncodings = 0;
			knownRegions = (
				en,
				Base,
			);
			mainGroup = C6BEC4451F80575200C3B95B;
			productRefGroup = C6BEC44F1F80575200C3B95B /* Products */;
			projectDirPath = "";
			projectRoot = "";
			targets = (
				C6BEC44D1F80575200C3B95B /* meals2 */,
				C6BEC4661F80575200C3B95B /* meals2Tests */,
				C6BEC4711F80575200C3B95B /* meals2UITests */,
			);
		};
/* End PBXProject section */

/* Begin PBXResourcesBuildPhase section */
		C6BEC44C1F80575200C3B95B /* Resources */ = {
			isa = PBXResourcesBuildPhase;
			buildActionMask = 2147483647;
			files = (
				C6BEC4611F80575200C3B95B /* LaunchScreen.storyboard in Resources */,
				C6BEC45E1F80575200C3B95B /* Assets.xcassets in Resources */,
				C6BEC45C1F80575200C3B95B /* Main.storyboard in Resources */,
			);
			runOnlyForDeploymentPostprocessing = 0;
		};
		C6BEC4651F80575200C3B95B /* Resources */ = {
			isa = PBXResourcesBuildPhase;
			buildActionMask = 2147483647;
			files = (
			);
			runOnlyForDeploymentPostprocessing = 0;
		};
		C6BEC4701F80575200C3B95B /* Resources */ = {
			isa = PBXResourcesBuildPhase;
			buildActionMask = 2147483647;
			files = (
			);
			runOnlyForDeploymentPostprocessing = 0;
		};
/* End PBXResourcesBuildPhase section */

/* Begin PBXSourcesBuildPhase section */
		C6BEC44A1F80575200C3B95B /* Sources */ = {
			isa = PBXSourcesBuildPhase;
			buildActionMask = 2147483647;
			files = (
				C6BEC48F1F8064F900C3B95B /* Event+CoreDataProperties.swift in Sources */,
				C6BEC4C81F806D3800C3B95B /* Favorite+CoreDataProperties.swift in Sources */,
				C6B5DF3D1F9D005C007447B3 /* MealEditTVC.swift in Sources */,
				C6E7A8501F840603009816F1 /* RecipeIngredientExtension.swift in Sources */,
				C6E7A84F1F8405F5009816F1 /* PreparationExtension.swift in Sources */,
				C6BEC4D81F806D3800C3B95B /* SubGroup+CoreDataProperties.swift in Sources */,
				C6FBAB281F97BFB7009B4D4E /* BaseSearchCDTVC.swift in Sources */,
				C6BEC4521F80575200C3B95B /* AppDelegate.swift in Sources */,
				C64121B01F8A89CB0035D3DE /* FoodDetails.swift in Sources */,
				C6BEC4D31F806D3800C3B95B /* ReferenceWeight+CoreDataClass.swift in Sources */,
				C6AD712F1F9E55D500BB527C /* FoodEditTVC.swift in Sources */,
				C6BEC4A21F8069D600C3B95B /* Meal+CoreDataProperties.swift in Sources */,
				C6BEC4C11F806D3800C3B95B /* Detail+CoreDataClass.swift in Sources */,
				C6BEC4D11F806D3800C3B95B /* Source+CoreDataClass.swift in Sources */,
				C6E7A8511F840624009816F1 /* ReferenceWeightExtension.swift in Sources */,
				C6FBAB241F97B9F9009B4D4E /* FavoriteSearchCDTVC+SearchExtension.swift in Sources */,
				C63D39531F9E654A002C7DB6 /* Result.swift in Sources */,
				C6FBAB2A1F9A5CE7009B4D4E /* FoodDetailCDTVC.swift in Sources */,
				C6E7A8531F84064A009816F1 /* SubGroupExtension.swift in Sources */,
				C6BEC4D21F806D3800C3B95B /* Source+CoreDataProperties.swift in Sources */,
				C6BEC49D1F8069D600C3B95B /* Food+CoreDataClass.swift in Sources */,
				C6BEC4C01F806D3800C3B95B /* Nutrient+CoreDataProperties.swift in Sources */,
				C6BEC4C61F806D3800C3B95B /* GeoLocation+CoreDataProperties.swift in Sources */,
				C6BEC4A11F8069D600C3B95B /* Meal+CoreDataClass.swift in Sources */,
				C63D39571F9E7400002C7DB6 /* RecipeEditTVC.swift in Sources */,
				C6BEC49E1F8069D600C3B95B /* Food+CoreDataProperties.swift in Sources */,
				C64121C21F929DFA0035D3DE /* MealsCDTVCSearchExtension.swift in Sources */,
				C64121AE1F8A89880035D3DE /* HealthManager.swift in Sources */,
				C6BEC4CF1F806D3800C3B95B /* ServingSize+CoreDataClass.swift in Sources */,
				C6E7A84D1F8405B4009816F1 /* EventExtension.swift in Sources */,
				C6E7A84C1F84059F009816F1 /* DetailExtentsion.swift in Sources */,
				C6FBAB261F97BA50009B4D4E /* FavoriteSearchCDTVC.swift in Sources */,
				C6BEC4C21F806D3800C3B95B /* Detail+CoreDataProperties.swift in Sources */,
				C6BEC4D71F806D3800C3B95B /* SubGroup+CoreDataClass.swift in Sources */,
				C6BEC4DA1F806D3800C3B95B /* Group+CoreDataProperties.swift in Sources */,
				C6BEC4CB1F806D3800C3B95B /* Brand+CoreDataClass.swift in Sources */,
				C6BEC5131F83FB3000C3B95B /* NutrientExtension.swift in Sources */,
				C6BEC4D61F806D3800C3B95B /* RecipeIngredient+CoreDataProperties.swift in Sources */,
				C64121B41F92083E0035D3DE /* BaseCDTVCWithTableIndex.swift in Sources */,
				C6BEC4C71F806D3800C3B95B /* Favorite+CoreDataClass.swift in Sources */,
				C6BEC5161F83FC6100C3B95B /* GroupExtension.swift in Sources */,
				C6CFE4E51FA129D700B2FAE4 /* MealDetailTVC.swift in Sources */,
				C64121C61F936C350035D3DE /* FoodListListsCDTVC.swift in Sources */,
				C6BEC4C51F806D3800C3B95B /* GeoLocation+CoreDataClass.swift in Sources */,
				C6BEC4D41F806D3800C3B95B /* ReferenceWeight+CoreDataProperties.swift in Sources */,
				C6ECCAF01F9B653F00C1BF41 /* AmountSettingTVC.swift in Sources */,
				C6CC65A11F9B6BC200BB384A /* AmountSettingTableViewCell.swift in Sources */,
				C64121B61F9208600035D3DE /* FoodListBaseCDTVC.swift in Sources */,
				C6BEC48E1F8064F900C3B95B /* Event+CoreDataClass.swift in Sources */,
				C64121A81F8A88600035D3DE /* MealsCDTVC.swift in Sources */,
				C6BEC4571F80575200C3B95B /* MasterViewController.swift in Sources */,
				C6BEC4D91F806D3800C3B95B /* Group+CoreDataClass.swift in Sources */,
				C6BEC4A01F8069D600C3B95B /* MealIngredient+CoreDataProperties.swift in Sources */,
				C6BEC4CE1F806D3800C3B95B /* Dealer+CoreDataProperties.swift in Sources */,
				C6FBAB201F971DA2009B4D4E /* SearchCDTVC.swift in Sources */,
				C64121B81F92086C0035D3DE /* FoodListBaseSearchCDTVC.swift in Sources */,
				C6BEC4CD1F806D3800C3B95B /* Dealer+CoreDataClass.swift in Sources */,
				C6BEC4D01F806D3800C3B95B /* ServingSize+CoreDataProperties.swift in Sources */,
				C6FBAB2C1F9A71CE009B4D4E /* Item.swift in Sources */,
				C6BEC4C41F806D3800C3B95B /* Preparation+CoreDataProperties.swift in Sources */,
				C64121B21F8A89ED0035D3DE /* FoodListTypes.swift in Sources */,
				C6AD71311F9E568100BB527C /* FoodEditTableViewCell.swift in Sources */,
				C6BEC49F1F8069D600C3B95B /* MealIngredient+CoreDataClass.swift in Sources */,
				C6BEC4D51F806D3800C3B95B /* RecipeIngredient+CoreDataClass.swift in Sources */,
				C6BEC4C91F806D3800C3B95B /* Recipe+CoreDataClass.swift in Sources */,
				C6BEC4F51F83EC4000C3B95B /* meals.xcdatamodel in Sources */,
				C64121AC1F8A88D90035D3DE /* BaseCDTVC.swift in Sources */,
				C6BEC5141F83FB4900C3B95B /* RecipeExtension.swift in Sources */,
				C64121C81F93C5840035D3DE /* FoodListListsCDTVCSearchExtension.swift in Sources */,
				C6E7A8521F840637009816F1 /* SourceExtension.swift in Sources */,
				C64121BC1F920A110035D3DE /* UIAlertControllerExtension.swift in Sources */,
				C64121BA1F9208750035D3DE /* FoodListListsSearchCDTVC.swift in Sources */,
				C64121C01F927CC70035D3DE /* SearchFilter.swift in Sources */,
				C6FBAB221F97B932009B4D4E /* GeneralSearchCDTVC.swift in Sources */,
				C6BEC5031F83F06100C3B95B /* FoodExtension.swift in Sources */,
				C6BEC5121F83F1E000C3B95B /* HasNutrients.swift in Sources */,
				C6BEC5151F83FC5D00C3B95B /* MealExtension.swift in Sources */,
				C6BEC4CC1F806D3800C3B95B /* Brand+CoreDataProperties.swift in Sources */,
				C6BEC4591F80575200C3B95B /* DetailViewController.swift in Sources */,
				C6ECCAF21F9B672200C1BF41 /* AddFoodTVC.swift in Sources */,
				C6BEC4CA1F806D3800C3B95B /* Recipe+CoreDataProperties.swift in Sources */,
				C6E7A84E1F8405BE009816F1 /* MealIngredientExtension.swift in Sources */,
				C6BEC4C31F806D3800C3B95B /* Preparation+CoreDataClass.swift in Sources */,
				C6BEC4BF1F806D3800C3B95B /* Nutrient+CoreDataClass.swift in Sources */,
			);
			runOnlyForDeploymentPostprocessing = 0;
		};
		C6BEC4631F80575200C3B95B /* Sources */ = {
			isa = PBXSourcesBuildPhase;
			buildActionMask = 2147483647;
			files = (
				C6BEC46C1F80575200C3B95B /* meals2Tests.swift in Sources */,
			);
			runOnlyForDeploymentPostprocessing = 0;
		};
		C6BEC46E1F80575200C3B95B /* Sources */ = {
			isa = PBXSourcesBuildPhase;
			buildActionMask = 2147483647;
			files = (
				C6BEC4771F80575200C3B95B /* meals2UITests.swift in Sources */,
			);
			runOnlyForDeploymentPostprocessing = 0;
		};
/* End PBXSourcesBuildPhase section */

/* Begin PBXTargetDependency section */
		C6BEC4691F80575200C3B95B /* PBXTargetDependency */ = {
			isa = PBXTargetDependency;
			target = C6BEC44D1F80575200C3B95B /* meals2 */;
			targetProxy = C6BEC4681F80575200C3B95B /* PBXContainerItemProxy */;
		};
		C6BEC4741F80575200C3B95B /* PBXTargetDependency */ = {
			isa = PBXTargetDependency;
			target = C6BEC44D1F80575200C3B95B /* meals2 */;
			targetProxy = C6BEC4731F80575200C3B95B /* PBXContainerItemProxy */;
		};
/* End PBXTargetDependency section */

/* Begin PBXVariantGroup section */
		C6BEC45A1F80575200C3B95B /* Main.storyboard */ = {
			isa = PBXVariantGroup;
			children = (
				C6BEC45B1F80575200C3B95B /* Base */,
			);
			name = Main.storyboard;
			sourceTree = "<group>";
		};
		C6BEC45F1F80575200C3B95B /* LaunchScreen.storyboard */ = {
			isa = PBXVariantGroup;
			children = (
				C6BEC4601F80575200C3B95B /* Base */,
			);
			name = LaunchScreen.storyboard;
			sourceTree = "<group>";
		};
/* End PBXVariantGroup section */

/* Begin XCBuildConfiguration section */
		C6BEC4791F80575200C3B95B /* Debug */ = {
			isa = XCBuildConfiguration;
			buildSettings = {
				ALWAYS_SEARCH_USER_PATHS = NO;
				CLANG_ANALYZER_NONNULL = YES;
				CLANG_ANALYZER_NUMBER_OBJECT_CONVERSION = YES_AGGRESSIVE;
				CLANG_CXX_LANGUAGE_STANDARD = "gnu++14";
				CLANG_CXX_LIBRARY = "libc++";
				CLANG_ENABLE_MODULES = YES;
				CLANG_ENABLE_OBJC_ARC = YES;
				CLANG_WARN_BLOCK_CAPTURE_AUTORELEASING = YES;
				CLANG_WARN_BOOL_CONVERSION = YES;
				CLANG_WARN_COMMA = YES;
				CLANG_WARN_CONSTANT_CONVERSION = YES;
				CLANG_WARN_DIRECT_OBJC_ISA_USAGE = YES_ERROR;
				CLANG_WARN_DOCUMENTATION_COMMENTS = YES;
				CLANG_WARN_EMPTY_BODY = YES;
				CLANG_WARN_ENUM_CONVERSION = YES;
				CLANG_WARN_INFINITE_RECURSION = YES;
				CLANG_WARN_INT_CONVERSION = YES;
				CLANG_WARN_NON_LITERAL_NULL_CONVERSION = YES;
				CLANG_WARN_OBJC_LITERAL_CONVERSION = YES;
				CLANG_WARN_OBJC_ROOT_CLASS = YES_ERROR;
				CLANG_WARN_RANGE_LOOP_ANALYSIS = YES;
				CLANG_WARN_STRICT_PROTOTYPES = YES;
				CLANG_WARN_SUSPICIOUS_MOVE = YES;
				CLANG_WARN_UNGUARDED_AVAILABILITY = YES_AGGRESSIVE;
				CLANG_WARN_UNREACHABLE_CODE = YES;
				CLANG_WARN__DUPLICATE_METHOD_MATCH = YES;
				CODE_SIGN_IDENTITY = "iPhone Developer";
				COPY_PHASE_STRIP = NO;
				DEBUG_INFORMATION_FORMAT = dwarf;
				ENABLE_STRICT_OBJC_MSGSEND = YES;
				ENABLE_TESTABILITY = YES;
				GCC_C_LANGUAGE_STANDARD = gnu11;
				GCC_DYNAMIC_NO_PIC = NO;
				GCC_NO_COMMON_BLOCKS = YES;
				GCC_OPTIMIZATION_LEVEL = 0;
				GCC_PREPROCESSOR_DEFINITIONS = (
					"DEBUG=1",
					"$(inherited)",
				);
				GCC_WARN_64_TO_32_BIT_CONVERSION = YES;
				GCC_WARN_ABOUT_RETURN_TYPE = YES_ERROR;
				GCC_WARN_UNDECLARED_SELECTOR = YES;
				GCC_WARN_UNINITIALIZED_AUTOS = YES_AGGRESSIVE;
				GCC_WARN_UNUSED_FUNCTION = YES;
				GCC_WARN_UNUSED_VARIABLE = YES;
				IPHONEOS_DEPLOYMENT_TARGET = 11.0;
				MTL_ENABLE_DEBUG_INFO = YES;
				ONLY_ACTIVE_ARCH = YES;
				SDKROOT = iphoneos;
				SWIFT_ACTIVE_COMPILATION_CONDITIONS = DEBUG;
				SWIFT_OPTIMIZATION_LEVEL = "-Onone";
			};
			name = Debug;
		};
		C6BEC47A1F80575200C3B95B /* Release */ = {
			isa = XCBuildConfiguration;
			buildSettings = {
				ALWAYS_SEARCH_USER_PATHS = NO;
				CLANG_ANALYZER_NONNULL = YES;
				CLANG_ANALYZER_NUMBER_OBJECT_CONVERSION = YES_AGGRESSIVE;
				CLANG_CXX_LANGUAGE_STANDARD = "gnu++14";
				CLANG_CXX_LIBRARY = "libc++";
				CLANG_ENABLE_MODULES = YES;
				CLANG_ENABLE_OBJC_ARC = YES;
				CLANG_WARN_BLOCK_CAPTURE_AUTORELEASING = YES;
				CLANG_WARN_BOOL_CONVERSION = YES;
				CLANG_WARN_COMMA = YES;
				CLANG_WARN_CONSTANT_CONVERSION = YES;
				CLANG_WARN_DIRECT_OBJC_ISA_USAGE = YES_ERROR;
				CLANG_WARN_DOCUMENTATION_COMMENTS = YES;
				CLANG_WARN_EMPTY_BODY = YES;
				CLANG_WARN_ENUM_CONVERSION = YES;
				CLANG_WARN_INFINITE_RECURSION = YES;
				CLANG_WARN_INT_CONVERSION = YES;
				CLANG_WARN_NON_LITERAL_NULL_CONVERSION = YES;
				CLANG_WARN_OBJC_LITERAL_CONVERSION = YES;
				CLANG_WARN_OBJC_ROOT_CLASS = YES_ERROR;
				CLANG_WARN_RANGE_LOOP_ANALYSIS = YES;
				CLANG_WARN_STRICT_PROTOTYPES = YES;
				CLANG_WARN_SUSPICIOUS_MOVE = YES;
				CLANG_WARN_UNGUARDED_AVAILABILITY = YES_AGGRESSIVE;
				CLANG_WARN_UNREACHABLE_CODE = YES;
				CLANG_WARN__DUPLICATE_METHOD_MATCH = YES;
				CODE_SIGN_IDENTITY = "iPhone Developer";
				COPY_PHASE_STRIP = NO;
				DEBUG_INFORMATION_FORMAT = "dwarf-with-dsym";
				ENABLE_NS_ASSERTIONS = NO;
				ENABLE_STRICT_OBJC_MSGSEND = YES;
				GCC_C_LANGUAGE_STANDARD = gnu11;
				GCC_NO_COMMON_BLOCKS = YES;
				GCC_WARN_64_TO_32_BIT_CONVERSION = YES;
				GCC_WARN_ABOUT_RETURN_TYPE = YES_ERROR;
				GCC_WARN_UNDECLARED_SELECTOR = YES;
				GCC_WARN_UNINITIALIZED_AUTOS = YES_AGGRESSIVE;
				GCC_WARN_UNUSED_FUNCTION = YES;
				GCC_WARN_UNUSED_VARIABLE = YES;
				IPHONEOS_DEPLOYMENT_TARGET = 11.0;
				MTL_ENABLE_DEBUG_INFO = NO;
				SDKROOT = iphoneos;
				SWIFT_OPTIMIZATION_LEVEL = "-Owholemodule";
				VALIDATE_PRODUCT = YES;
			};
			name = Release;
		};
		C6BEC47C1F80575200C3B95B /* Debug */ = {
			isa = XCBuildConfiguration;
			buildSettings = {
				ASSETCATALOG_COMPILER_APPICON_NAME = AppIcon;
				CLANG_ENABLE_MODULES = YES;
				CODE_SIGN_ENTITLEMENTS = meals2/meals2.entitlements;
				CODE_SIGN_STYLE = Automatic;
				DEVELOPMENT_TEAM = 26F6YWJYL8;
				INFOPLIST_FILE = meals2/Info.plist;
				LD_RUNPATH_SEARCH_PATHS = "$(inherited) @executable_path/Frameworks";
				PRODUCT_BUNDLE_IDENTIFIER = UPP.meals2;
				PRODUCT_NAME = "$(TARGET_NAME)";
				SWIFT_OPTIMIZATION_LEVEL = "-Onone";
				SWIFT_VERSION = 4.0;
				TARGETED_DEVICE_FAMILY = "1,2";
			};
			name = Debug;
		};
		C6BEC47D1F80575200C3B95B /* Release */ = {
			isa = XCBuildConfiguration;
			buildSettings = {
				ASSETCATALOG_COMPILER_APPICON_NAME = AppIcon;
				CLANG_ENABLE_MODULES = YES;
				CODE_SIGN_ENTITLEMENTS = meals2/meals2.entitlements;
				CODE_SIGN_STYLE = Automatic;
				DEVELOPMENT_TEAM = 26F6YWJYL8;
				INFOPLIST_FILE = meals2/Info.plist;
				LD_RUNPATH_SEARCH_PATHS = "$(inherited) @executable_path/Frameworks";
				PRODUCT_BUNDLE_IDENTIFIER = UPP.meals2;
				PRODUCT_NAME = "$(TARGET_NAME)";
				SWIFT_VERSION = 4.0;
				TARGETED_DEVICE_FAMILY = "1,2";
			};
			name = Release;
		};
		C6BEC47F1F80575200C3B95B /* Debug */ = {
			isa = XCBuildConfiguration;
			buildSettings = {
				ALWAYS_EMBED_SWIFT_STANDARD_LIBRARIES = YES;
				BUNDLE_LOADER = "$(TEST_HOST)";
				CODE_SIGN_STYLE = Automatic;
				DEVELOPMENT_TEAM = 26F6YWJYL8;
				INFOPLIST_FILE = meals2Tests/Info.plist;
				LD_RUNPATH_SEARCH_PATHS = "$(inherited) @executable_path/Frameworks @loader_path/Frameworks";
				PRODUCT_BUNDLE_IDENTIFIER = UPP.meals2Tests;
				PRODUCT_NAME = "$(TARGET_NAME)";
				SWIFT_VERSION = 4.0;
				TARGETED_DEVICE_FAMILY = "1,2";
				TEST_HOST = "$(BUILT_PRODUCTS_DIR)/meals2.app/meals2";
			};
			name = Debug;
		};
		C6BEC4801F80575200C3B95B /* Release */ = {
			isa = XCBuildConfiguration;
			buildSettings = {
				ALWAYS_EMBED_SWIFT_STANDARD_LIBRARIES = YES;
				BUNDLE_LOADER = "$(TEST_HOST)";
				CODE_SIGN_STYLE = Automatic;
				DEVELOPMENT_TEAM = 26F6YWJYL8;
				INFOPLIST_FILE = meals2Tests/Info.plist;
				LD_RUNPATH_SEARCH_PATHS = "$(inherited) @executable_path/Frameworks @loader_path/Frameworks";
				PRODUCT_BUNDLE_IDENTIFIER = UPP.meals2Tests;
				PRODUCT_NAME = "$(TARGET_NAME)";
				SWIFT_VERSION = 4.0;
				TARGETED_DEVICE_FAMILY = "1,2";
				TEST_HOST = "$(BUILT_PRODUCTS_DIR)/meals2.app/meals2";
			};
			name = Release;
		};
		C6BEC4821F80575200C3B95B /* Debug */ = {
			isa = XCBuildConfiguration;
			buildSettings = {
				ALWAYS_EMBED_SWIFT_STANDARD_LIBRARIES = YES;
				CODE_SIGN_STYLE = Automatic;
				DEVELOPMENT_TEAM = 26F6YWJYL8;
				INFOPLIST_FILE = meals2UITests/Info.plist;
				LD_RUNPATH_SEARCH_PATHS = "$(inherited) @executable_path/Frameworks @loader_path/Frameworks";
				PRODUCT_BUNDLE_IDENTIFIER = UPP.meals2UITests;
				PRODUCT_NAME = "$(TARGET_NAME)";
				SWIFT_VERSION = 4.0;
				TARGETED_DEVICE_FAMILY = "1,2";
				TEST_TARGET_NAME = meals2;
			};
			name = Debug;
		};
		C6BEC4831F80575200C3B95B /* Release */ = {
			isa = XCBuildConfiguration;
			buildSettings = {
				ALWAYS_EMBED_SWIFT_STANDARD_LIBRARIES = YES;
				CODE_SIGN_STYLE = Automatic;
				DEVELOPMENT_TEAM = 26F6YWJYL8;
				INFOPLIST_FILE = meals2UITests/Info.plist;
				LD_RUNPATH_SEARCH_PATHS = "$(inherited) @executable_path/Frameworks @loader_path/Frameworks";
				PRODUCT_BUNDLE_IDENTIFIER = UPP.meals2UITests;
				PRODUCT_NAME = "$(TARGET_NAME)";
				SWIFT_VERSION = 4.0;
				TARGETED_DEVICE_FAMILY = "1,2";
				TEST_TARGET_NAME = meals2;
			};
			name = Release;
		};
/* End XCBuildConfiguration section */

/* Begin XCConfigurationList section */
		C6BEC4491F80575200C3B95B /* Build configuration list for PBXProject "meals2" */ = {
			isa = XCConfigurationList;
			buildConfigurations = (
				C6BEC4791F80575200C3B95B /* Debug */,
				C6BEC47A1F80575200C3B95B /* Release */,
			);
			defaultConfigurationIsVisible = 0;
			defaultConfigurationName = Release;
		};
		C6BEC47B1F80575200C3B95B /* Build configuration list for PBXNativeTarget "meals2" */ = {
			isa = XCConfigurationList;
			buildConfigurations = (
				C6BEC47C1F80575200C3B95B /* Debug */,
				C6BEC47D1F80575200C3B95B /* Release */,
			);
			defaultConfigurationIsVisible = 0;
			defaultConfigurationName = Release;
		};
		C6BEC47E1F80575200C3B95B /* Build configuration list for PBXNativeTarget "meals2Tests" */ = {
			isa = XCConfigurationList;
			buildConfigurations = (
				C6BEC47F1F80575200C3B95B /* Debug */,
				C6BEC4801F80575200C3B95B /* Release */,
			);
			defaultConfigurationIsVisible = 0;
			defaultConfigurationName = Release;
		};
		C6BEC4811F80575200C3B95B /* Build configuration list for PBXNativeTarget "meals2UITests" */ = {
			isa = XCConfigurationList;
			buildConfigurations = (
				C6BEC4821F80575200C3B95B /* Debug */,
				C6BEC4831F80575200C3B95B /* Release */,
			);
			defaultConfigurationIsVisible = 0;
			defaultConfigurationName = Release;
		};
/* End XCConfigurationList section */

/* Begin XCVersionGroup section */
		C6BEC4531F80575200C3B95B /* meals2.xcdatamodeld */ = {
			isa = XCVersionGroup;
			children = (
				C6BEC4541F80575200C3B95B /* meals2.xcdatamodel */,
			);
			currentVersion = C6BEC4541F80575200C3B95B /* meals2.xcdatamodel */;
			path = meals2.xcdatamodeld;
			sourceTree = "<group>";
			versionGroupType = wrapper.xcdatamodel;
		};
/* End XCVersionGroup section */
	};
	rootObject = C6BEC4461F80575200C3B95B /* Project object */;
}
